<?xml version="1.0" encoding="utf-8"?>
<Project ToolsVersion="4.0" xmlns="http://schemas.microsoft.com/developer/msbuild/2003">
  <ItemGroup>
    <Filter Include="Source Files">
      <UniqueIdentifier>{4FC737F1-C7A5-4376-A066-2A32D752A2FF}</UniqueIdentifier>
      <Extensions>cpp;c;cc;cxx;c++;cppm;ixx;def;odl;idl;hpj;bat;asm;asmx</Extensions>
    </Filter>
    <Filter Include="Resource Files">
      <UniqueIdentifier>{67DA6AB6-F800-4c08-8B7A-83BB121AAD01}</UniqueIdentifier>
      <Extensions>rc;ico;cur;bmp;dlg;rc2;rct;bin;rgs;gif;jpg;jpeg;jpe;resx;tiff;tif;png;wav;mfcribbon-ms</Extensions>
    </Filter>
    <Filter Include="PlayerObject">
      <UniqueIdentifier>{cf0d7f54-7740-4834-89ac-5c08b207ab39}</UniqueIdentifier>
    </Filter>
    <Filter Include="GameLoop">
      <UniqueIdentifier>{38a6e8a7-f1b3-4404-9365-aa408c62e706}</UniqueIdentifier>
    </Filter>
    <Filter Include="Inventory">
      <UniqueIdentifier>{881567f1-bb5c-4174-beb2-523b52560514}</UniqueIdentifier>
    </Filter>
    <Filter Include="main">
      <UniqueIdentifier>{1fb5a5ef-054e-42ed-9f00-0f99b17ecfdc}</UniqueIdentifier>
    </Filter>
    <Filter Include="Item">
      <UniqueIdentifier>{084fe2c9-79da-48ef-9938-4c58ee3df5b2}</UniqueIdentifier>
    </Filter>
    <Filter Include="masterHeader">
      <UniqueIdentifier>{93995380-89BD-4b04-88EB-625FBE52EBFB}</UniqueIdentifier>
      <Extensions>h;hh;hpp;hxx;h++;hm;inl;inc;ipp;xsd</Extensions>
    </Filter>
    <Filter Include="OftenUsed">
      <UniqueIdentifier>{5205bf4a-92de-4218-8d2e-01b591420042}</UniqueIdentifier>
    </Filter>
    <Filter Include="Enemy">
      <UniqueIdentifier>{5dbd93e6-8ec2-4a34-86d3-1e02d583079a}</UniqueIdentifier>
    </Filter>
  </ItemGroup>
  <ItemGroup>
    <ClCompile Include="InputHandling.cpp">
      <Filter>Source Files</Filter>
    </ClCompile>
    <ClCompile Include="UmbrellaHeader.h">
      <Filter>masterHeader</Filter>
    </ClCompile>
    <ClCompile Include="Player.cpp">
      <Filter>PlayerObject</Filter>
    </ClCompile>
    <ClCompile Include="GameControl.cpp">
      <Filter>GameLoop</Filter>
    </ClCompile>
    <ClCompile Include="main.cpp">
      <Filter>main</Filter>
    </ClCompile>
    <ClCompile Include="Inventory.cpp">
      <Filter>Inventory</Filter>
    </ClCompile>
    <ClCompile Include="Equipment.cpp">
      <Filter>Inventory</Filter>
    </ClCompile>
    <ClCompile Include="player_init.cpp">
      <Filter>Source Files</Filter>
    </ClCompile>
    <ClCompile Include="Item.cpp">
      <Filter>Item</Filter>
    </ClCompile>
    <ClCompile Include="WeightedPool.cpp">
      <Filter>OftenUsed</Filter>
    </ClCompile>
    <ClCompile Include="Enemy.cpp">
      <Filter>Enemy</Filter>
    </ClCompile>
    <ClCompile Include="EnemyFactory.cpp">
      <Filter>Enemy</Filter>
    </ClCompile>
  </ItemGroup>
  <ItemGroup>
    <ClInclude Include="Player.h">
      <Filter>PlayerObject</Filter>
    </ClInclude>
    <ClInclude Include="Inventory.h">
      <Filter>Inventory</Filter>
    </ClInclude>
    <ClInclude Include="Item.h">
      <Filter>Item</Filter>
    </ClInclude>
    <ClInclude Include="InputHandling.h">
      <Filter>Source Files</Filter>
    </ClInclude>
    <ClInclude Include="player_init.h">
      <Filter>Source Files</Filter>
    </ClInclude>
    <ClInclude Include="WeightedPool.h">
      <Filter>OftenUsed</Filter>
    </ClInclude>
    <ClInclude Include="Enemy.h">
      <Filter>Enemy</Filter>
    </ClInclude>
    <ClInclude Include="EnemyType.h">
      <Filter>Enemy</Filter>
    </ClInclude>
    <ClInclude Include="EnemyFactory.h">
      <Filter>Enemy</Filter>
    </ClInclude>
  </ItemGroup>
</Project>